
Microsoft Visual Studio Solution File, Format Version 12.00
# Visual Studio Version 16
VisualStudioVersion = 16.0.31005.135
MinimumVisualStudioVersion = 10.0.40219.1
Project("{FAE04EC0-301F-11D3-BF4B-00C04F79EFBC}") = "QuickstartIdentityServer", "QuickstartIdentityServer.csproj", "{EE6F84A9-C861-4EBE-9BDB-0A48C53ED68D}"
EndProject
Global
	GlobalSection(SolutionConfigurationPlatforms) = preSolution
		Debug|Any CPU = Debug|Any CPU
		Release|Any CPU = Release|Any CPU
	EndGlobalSection
	GlobalSection(ProjectConfigurationPlatforms) = postSolution
		{EE6F84A9-C861-4EBE-9BDB-0A48C53ED68D}.Debug|Any CPU.ActiveCfg = Debug|Any CPU
		{EE6F84A9-C861-4EBE-9BDB-0A48C53ED68D}.Debug|Any CPU.Build.0 = Debug|Any CPU
		{EE6F84A9-C861-4EBE-9BDB-0A48C53ED68D}.Release|Any CPU.ActiveCfg = Release|Any CPU
		{EE6F84A9-C861-4EBE-9BDB-0A48C53ED68D}.Release|Any CPU.Build.0 = Release|Any CPU
	EndGlobalSection
	GlobalSection(SolutionProperties) = preSolution
		HideSolutionNode = FALSE
	EndGlobalSection
	GlobalSection(ExtensibilityGlobals) = postSolution
		SolutionGuid = {49D4BF38-5BF0-462B-B3AA-C18F4D25E357}
	EndGlobalSection
EndGlobal
