
Microsoft Visual Studio Solution File, Format Version 12.00
# Visual Studio Version 16
VisualStudioVersion = 16.0.29519.181
MinimumVisualStudioVersion = 10.0.40219.1
Project("{FAE04EC0-301F-11D3-BF4B-00C04F79EFBC}") = "AOPDemo", "AOPDemo.csproj", "{85BAAA6A-3895-4B4D-9C9B-45C9286D3C23}"
EndProject
Global
	GlobalSection(SolutionConfigurationPlatforms) = preSolution
		Debug|Any CPU = Debug|Any CPU
		Release|Any CPU = Release|Any CPU
	EndGlobalSection
	GlobalSection(ProjectConfigurationPlatforms) = postSolution
		{85BAAA6A-3895-4B4D-9C9B-45C9286D3C23}.Debug|Any CPU.ActiveCfg = Debug|Any CPU
		{85BAAA6A-3895-4B4D-9C9B-45C9286D3C23}.Debug|Any CPU.Build.0 = Debug|Any CPU
		{85BAAA6A-3895-4B4D-9C9B-45C9286D3C23}.Release|Any CPU.ActiveCfg = Release|Any CPU
		{85BAAA6A-3895-4B4D-9C9B-45C9286D3C23}.Release|Any CPU.Build.0 = Release|Any CPU
	EndGlobalSection
	GlobalSection(SolutionProperties) = preSolution
		HideSolutionNode = FALSE
	EndGlobalSection
	GlobalSection(ExtensibilityGlobals) = postSolution
		SolutionGuid = {EB16DF83-D9C8-4856-90DD-A6C0E2768200}
	EndGlobalSection
EndGlobal
